// !$*UTF8*$!
{
	archiveVersion = 1;
	classes = {
	};
	objectVersion = 56;
	objects = {

/* Begin PBXBuildFile section */
		A1000001 /* AssetMeowApp.swift in Sources */ = {isa = PBXBuildFile; fileRef = B1000001; };
		A1000002 /* ContentView.swift in Sources */ = {isa = PBXBuildFile; fileRef = B1000002; };
		A1000003 /* Models.swift in Sources */ = {isa = PBXBuildFile; fileRef = B1000003; };
		A1000004 /* APIService.swift in Sources */ = {isa = PBXBuildFile; fileRef = B1000004; };
		A1000005 /* AppState.swift in Sources */ = {isa = PBXBuildFile; fileRef = B1000005; };
		A1000006 /* ScanCheckoutView.swift in Sources */ = {isa = PBXBuildFile; fileRef = B1000006; };
		A1000007 /* CheckInView.swift in Sources */ = {isa = PBXBuildFile; fileRef = B1000007; };
		A1000008 /* QuickLookupView.swift in Sources */ = {isa = PBXBuildFile; fileRef = B1000008; };
		A1000009 /* InventoryListView.swift in Sources */ = {isa = PBXBuildFile; fileRef = B1000009; };
		A1000010 /* BulkOperationsView.swift in Sources */ = {isa = PBXBuildFile; fileRef = B1000010; };
		A1000011 /* ImportExportView.swift in Sources */ = {isa = PBXBuildFile; fileRef = B1000011; };
		A1000012 /* ActivityLogView.swift in Sources */ = {isa = PBXBuildFile; fileRef = B1000012; };
		A1000013 /* SettingsView.swift in Sources */ = {isa = PBXBuildFile; fileRef = B1000013; };
		A1000014 /* Assets.xcassets in Resources */ = {isa = PBXBuildFile; fileRef = B1000014; };
		A1000015 /* Theme.swift in Sources */ = {isa = PBXBuildFile; fileRef = B1000015; };
		A1000016 /* LoginView.swift in Sources */ = {isa = PBXBuildFile; fileRef = B1000016; };
		A1000017 /* UserManagementView.swift in Sources */ = {isa = PBXBuildFile; fileRef = B1000017; };
		A1000018 /* ReportsView.swift in Sources */ = {isa = PBXBuildFile; fileRef = B1000018; };
		A1000019 /* CSVExporter.swift in Sources */ = {isa = PBXBuildFile; fileRef = B1000019; };
			A1000021 /* FieldManagerView.swift in Sources */ = {isa = PBXBuildFile; fileRef = B1000021; };
			A1000022 /* DashboardView.swift in Sources */ = {isa = PBXBuildFile; fileRef = B1000022; };
			A1000023 /* CopyableField.swift in Sources */ = {isa = PBXBuildFile; fileRef = B1000023; };
			A1000024 /* ToastNotification.swift in Sources */ = {isa = PBXBuildFile; fileRef = B1000024; };
			A1000025 /* FlowLayout.swift in Sources */ = {isa = PBXBuildFile; fileRef = B1000025; };
			A1000026 /* KioskLoginView.swift in Sources */ = {isa = PBXBuildFile; fileRef = B1000026; };
/* End PBXBuildFile section */

/* Begin PBXFileReference section */
		B1000001 /* AssetMeowApp.swift */ = {isa = PBXFileReference; lastKnownFileType = sourcecode.swift; path = AssetMeowApp.swift; sourceTree = "<group>"; };
		B1000002 /* ContentView.swift */ = {isa = PBXFileReference; lastKnownFileType = sourcecode.swift; path = ContentView.swift; sourceTree = "<group>"; };
		B1000003 /* Models.swift */ = {isa = PBXFileReference; lastKnownFileType = sourcecode.swift; path = Models.swift; sourceTree = "<group>"; };
		B1000004 /* APIService.swift */ = {isa = PBXFileReference; lastKnownFileType = sourcecode.swift; path = APIService.swift; sourceTree = "<group>"; };
		B1000005 /* AppState.swift */ = {isa = PBXFileReference; lastKnownFileType = sourcecode.swift; path = AppState.swift; sourceTree = "<group>"; };
		B1000006 /* ScanCheckoutView.swift */ = {isa = PBXFileReference; lastKnownFileType = sourcecode.swift; path = ScanCheckoutView.swift; sourceTree = "<group>"; };
		B1000007 /* CheckInView.swift */ = {isa = PBXFileReference; lastKnownFileType = sourcecode.swift; path = CheckInView.swift; sourceTree = "<group>"; };
		B1000008 /* QuickLookupView.swift */ = {isa = PBXFileReference; lastKnownFileType = sourcecode.swift; path = QuickLookupView.swift; sourceTree = "<group>"; };
		B1000009 /* InventoryListView.swift */ = {isa = PBXFileReference; lastKnownFileType = sourcecode.swift; path = InventoryListView.swift; sourceTree = "<group>"; };
		B1000010 /* BulkOperationsView.swift */ = {isa = PBXFileReference; lastKnownFileType = sourcecode.swift; path = BulkOperationsView.swift; sourceTree = "<group>"; };
		B1000011 /* ImportExportView.swift */ = {isa = PBXFileReference; lastKnownFileType = sourcecode.swift; path = ImportExportView.swift; sourceTree = "<group>"; };
		B1000012 /* ActivityLogView.swift */ = {isa = PBXFileReference; lastKnownFileType = sourcecode.swift; path = ActivityLogView.swift; sourceTree = "<group>"; };
		B1000013 /* SettingsView.swift */ = {isa = PBXFileReference; lastKnownFileType = sourcecode.swift; path = SettingsView.swift; sourceTree = "<group>"; };
		B1000014 /* Assets.xcassets */ = {isa = PBXFileReference; lastKnownFileType = folder.assetcatalog; path = Assets.xcassets; sourceTree = "<group>"; };
		B1000015 /* Theme.swift */ = {isa = PBXFileReference; lastKnownFileType = sourcecode.swift; path = Theme.swift; sourceTree = "<group>"; };
		B1000016 /* LoginView.swift */ = {isa = PBXFileReference; lastKnownFileType = sourcecode.swift; path = LoginView.swift; sourceTree = "<group>"; };
		B1000017 /* UserManagementView.swift */ = {isa = PBXFileReference; lastKnownFileType = sourcecode.swift; path = UserManagementView.swift; sourceTree = "<group>"; };
		B1000018 /* ReportsView.swift */ = {isa = PBXFileReference; lastKnownFileType = sourcecode.swift; path = ReportsView.swift; sourceTree = "<group>"; };
		B1000019 /* CSVExporter.swift */ = {isa = PBXFileReference; lastKnownFileType = sourcecode.swift; path = CSVExporter.swift; sourceTree = "<group>"; };
					B1000021 /* FieldManagerView.swift */ = {isa = PBXFileReference; lastKnownFileType = sourcecode.swift; path = FieldManagerView.swift; sourceTree = "<group>"; };
			B1000022 /* DashboardView.swift */ = {isa = PBXFileReference; lastKnownFileType = sourcecode.swift; path = DashboardView.swift; sourceTree = "<group>"; };
		B1000023 /* CopyableField.swift */ = {isa = PBXFileReference; lastKnownFileType = sourcecode.swift; path = CopyableField.swift; sourceTree = "<group>"; };
		B1000024 /* ToastNotification.swift */ = {isa = PBXFileReference; lastKnownFileType = sourcecode.swift; path = ToastNotification.swift; sourceTree = "<group>"; };
		B1000025 /* FlowLayout.swift */ = {isa = PBXFileReference; lastKnownFileType = sourcecode.swift; path = FlowLayout.swift; sourceTree = "<group>"; };
		B1000026 /* KioskLoginView.swift */ = {isa = PBXFileReference; lastKnownFileType = sourcecode.swift; path = KioskLoginView.swift; sourceTree = "<group>"; };
			B1000020 /* AssetMeow.app */ = {isa = PBXFileReference; explicitFileType = wrapper.application; includeInIndex = 0; path = AssetMeow.app; sourceTree = BUILT_PRODUCTS_DIR; };
/* End PBXFileReference section */

/* Begin PBXFrameworksBuildPhase section */
		C1000001 /* Frameworks */ = {
			isa = PBXFrameworksBuildPhase;
			buildActionMask = 2147483647;
			files = (
			);
			runOnlyForDeploymentPostprocessing = 0;
		};
/* End PBXFrameworksBuildPhase section */

/* Begin PBXGroup section */
		D1000001 = {
			isa = PBXGroup;
			children = (
				D1000002 /* EventInventoryTracker */,
				D1000010 /* Products */,
			);
			sourceTree = "<group>";
		};
		D1000002 /* EventInventoryTracker */ = {
			isa = PBXGroup;
			children = (
				B1000001 /* AssetMeowApp.swift */,
				D1000003 /* Models */,
				D1000004 /* Services */,
				D1000005 /* ViewModels */,
				D1000007 /* Theme */,
				D1000006 /* Views */,
				D1000008 /* Utilities */,
				B1000014 /* Assets.xcassets */,
			);
			path = AssetMeow;
			sourceTree = "<group>";
		};
		D1000003 /* Models */ = {
			isa = PBXGroup;
			children = (
				B1000003 /* Models.swift */,
			);
			path = Models;
			sourceTree = "<group>";
		};
		D1000004 /* Services */ = {
			isa = PBXGroup;
			children = (
				B1000004 /* APIService.swift */,
			);
			path = Services;
			sourceTree = "<group>";
		};
		D1000005 /* ViewModels */ = {
			isa = PBXGroup;
			children = (
				B1000005 /* AppState.swift */,
			);
			path = ViewModels;
			sourceTree = "<group>";
		};
		D1000006 /* Views */ = {
			isa = PBXGroup;
			children = (
				B1000002 /* ContentView.swift */,
				B1000016 /* LoginView.swift */,
				B1000017 /* UserManagementView.swift */,
				B1000006 /* ScanCheckoutView.swift */,
				B1000007 /* CheckInView.swift */,
				B1000008 /* QuickLookupView.swift */,
				B1000009 /* InventoryListView.swift */,
				B1000010 /* BulkOperationsView.swift */,
				B1000011 /* ImportExportView.swift */,
				B1000012 /* ActivityLogView.swift */,
				B1000013 /* SettingsView.swift */,
				B1000018 /* ReportsView.swift */,
				B1000021 /* FieldManagerView.swift */,
				B1000022 /* DashboardView.swift */,
				B1000026 /* KioskLoginView.swift */,
			);
			path = Views;
			sourceTree = "<group>";
		};
		D1000007 /* Theme */ = {
			isa = PBXGroup;
			children = (
				B1000015 /* Theme.swift */,
			);
			path = Theme;
			sourceTree = "<group>";
		};
		D1000008 /* Utilities */ = {
			isa = PBXGroup;
			children = (
				B1000019 /* CSVExporter.swift */,
				B1000023 /* CopyableField.swift */,
				B1000024 /* ToastNotification.swift */,
				B1000025 /* FlowLayout.swift */,
			);
			path = Utilities;
			sourceTree = "<group>";
		};
		D1000010 /* Products */ = {
			isa = PBXGroup;
			children = (
				B1000020 /* AssetMeow.app */,
			);
			name = Products;
			sourceTree = "<group>";
		};
/* End PBXGroup section */

/* Begin PBXNativeTarget section */
		E1000001 /* AssetMeow */ = {
			isa = PBXNativeTarget;
			buildConfigurationList = F1000003 /* Build configuration list for PBXNativeTarget "AssetMeow" */;
			buildPhases = (
				C1000002 /* Sources */,
				C1000001 /* Frameworks */,
				C1000003 /* Resources */,
			);
			buildRules = (
			);
			dependencies = (
			);
			name = AssetMeow;
			packageProductDependencies = (
				PKG000002 /* Sparkle */,
			);
			productName = AssetMeow;
			productReference = B1000020 /* AssetMeow.app */;
			productType = "com.apple.product-type.application";
		};
/* End PBXNativeTarget section */

/* Begin PBXProject section */
		E1000002 /* Project object */ = {
			isa = PBXProject;
			attributes = {
				BuildIndependentTargetsInParallel = 1;
				LastSwiftUpdateCheck = 1500;
				LastUpgradeCheck = 1500;
				TargetAttributes = {
					E1000001 = {
						CreatedOnToolsVersion = 15.0;
					};
				};
			};
			buildConfigurationList = F1000001 /* Build configuration list for PBXProject "AssetMeow" */;
			compatibilityVersion = "Xcode 14.0";
			developmentRegion = en;
			hasScannedForEncodings = 0;
			knownRegions = (
				en,
				Base,
			);
			mainGroup = D1000001;
			packageReferences = (
				PKG000001 /* XCRemoteSwiftPackageReference "Sparkle" */,
			);
			productRefGroup = D1000010 /* Products */;
			projectDirPath = "";
			projectRoot = "";
			targets = (
				E1000001 /* AssetMeow */,
			);
		};
/* End PBXProject section */

/* Begin XCRemoteSwiftPackageReference section */
		PKG000001 /* XCRemoteSwiftPackageReference "Sparkle" */ = {
			isa = XCRemoteSwiftPackageReference;
			repositoryURL = "https://github.com/sparkle-project/Sparkle";
			requirement = {
				kind = upToNextMajorVersion;
				minimumVersion = 2.0.0;
			};
		};
/* End XCRemoteSwiftPackageReference section */

/* Begin XCSwiftPackageProductDependency section */
		PKG000002 /* Sparkle */ = {
			isa = XCSwiftPackageProductDependency;
			package = PKG000001 /* XCRemoteSwiftPackageReference "Sparkle" */;
			productName = Sparkle;
		};
/* End XCSwiftPackageProductDependency section */

/* Begin PBXResourcesBuildPhase section */
		C1000003 /* Resources */ = {
			isa = PBXResourcesBuildPhase;
			buildActionMask = 2147483647;
			files = (
				A1000014 /* Assets.xcassets in Resources */,
			);
			runOnlyForDeploymentPostprocessing = 0;
		};
/* End PBXResourcesBuildPhase section */

/* Begin PBXSourcesBuildPhase section */
		C1000002 /* Sources */ = {
			isa = PBXSourcesBuildPhase;
			buildActionMask = 2147483647;
			files = (
				A1000001 /* AssetMeowApp.swift in Sources */,
				A1000002 /* ContentView.swift in Sources */,
				A1000003 /* Models.swift in Sources */,
				A1000004 /* APIService.swift in Sources */,
				A1000005 /* AppState.swift in Sources */,
				A1000015 /* Theme.swift in Sources */,
				A1000016 /* LoginView.swift in Sources */,
				A1000017 /* UserManagementView.swift in Sources */,
				A1000018 /* ReportsView.swift in Sources */,
				A1000019 /* CSVExporter.swift in Sources */,
				A1000021 /* FieldManagerView.swift in Sources */,
				A1000006 /* ScanCheckoutView.swift in Sources */,
				A1000007 /* CheckInView.swift in Sources */,
				A1000008 /* QuickLookupView.swift in Sources */,
				A1000009 /* InventoryListView.swift in Sources */,
				A1000010 /* BulkOperationsView.swift in Sources */,
				A1000011 /* ImportExportView.swift in Sources */,
				A1000012 /* ActivityLogView.swift in Sources */,
				A1000013 /* SettingsView.swift in Sources */,
					A1000022 /* DashboardView.swift in Sources */,
					A1000023 /* CopyableField.swift in Sources */,
					A1000024 /* ToastNotification.swift in Sources */,
					A1000025 /* FlowLayout.swift in Sources */,
					A1000026 /* KioskLoginView.swift in Sources */,
				);
			runOnlyForDeploymentPostprocessing = 0;
		};
/* End PBXSourcesBuildPhase section */

/* Begin XCBuildConfiguration section */
		F1000010 /* Debug */ = {
			isa = XCBuildConfiguration;
			buildSettings = {
				ALWAYS_SEARCH_USER_PATHS = NO;
				ASSETCATALOG_COMPILER_GENERATE_SWIFT_ASSET_SYMBOL_EXTENSIONS = YES;
				CLANG_ANALYZER_NONNULL = YES;
				CLANG_ANALYZER_NUMBER_OBJECT_CONVERSION = YES_AGGRESSIVE;
				CLANG_CXX_LANGUAGE_STANDARD = "gnu++20";
				CLANG_ENABLE_MODULES = YES;
				CLANG_ENABLE_OBJC_ARC = YES;
				CLANG_ENABLE_OBJC_WEAK = YES;
				CLANG_WARN_BLOCK_CAPTURE_AUTORELEASING = YES;
				CLANG_WARN_BOOL_CONVERSION = YES;
				CLANG_WARN_COMMA = YES;
				CLANG_WARN_CONSTANT_CONVERSION = YES;
				CLANG_WARN_DEPRECATED_OBJC_IMPLEMENTATIONS = YES;
				CLANG_WARN_DIRECT_OBJC_ISA_USAGE = YES_ERROR;
				CLANG_WARN_DOCUMENTATION_COMMENTS = YES;
				CLANG_WARN_EMPTY_BODY = YES;
				CLANG_WARN_ENUM_CONVERSION = YES;
				CLANG_WARN_INFINITE_RECURSION = YES;
				CLANG_WARN_INT_CONVERSION = YES;
				CLANG_WARN_NON_LITERAL_NULL_CONVERSION = YES;
				CLANG_WARN_OBJC_IMPLICIT_RETAIN_SELF = YES;
				CLANG_WARN_OBJC_LITERAL_CONVERSION = YES;
				CLANG_WARN_OBJC_ROOT_CLASS = YES_ERROR;
				CLANG_WARN_QUOTED_INCLUDE_IN_FRAMEWORK_HEADER = YES;
				CLANG_WARN_RANGE_LOOP_ANALYSIS = YES;
				CLANG_WARN_STRICT_PROTOTYPES = YES;
				CLANG_WARN_SUSPICIOUS_MOVE = YES;
				CLANG_WARN_UNGUARDED_AVAILABILITY = YES_AGGRESSIVE;
				CLANG_WARN_UNREACHABLE_CODE = YES;
				CLANG_WARN__DUPLICATE_METHOD_MATCH = YES;
				COPY_PHASE_STRIP = NO;
				DEBUG_INFORMATION_FORMAT = dwarf;
				ENABLE_STRICT_OBJC_MSGSEND = YES;
				ENABLE_TESTABILITY = YES;
				ENABLE_USER_SCRIPT_SANDBOXING = YES;
				GCC_C_LANGUAGE_STANDARD = gnu17;
				GCC_DYNAMIC_NO_PIC = NO;
				GCC_NO_COMMON_BLOCKS = YES;
				GCC_OPTIMIZATION_LEVEL = 0;
				GCC_PREPROCESSOR_DEFINITIONS = (
					"DEBUG=1",
					"$(inherited)",
				);
				GCC_WARN_64_TO_32_BIT_CONVERSION = YES;
				GCC_WARN_ABOUT_RETURN_TYPE = YES_ERROR;
				GCC_WARN_UNDECLARED_SELECTOR = YES;
				GCC_WARN_UNINITIALIZED_AUTOS = YES_AGGRESSIVE;
				GCC_WARN_UNUSED_FUNCTION = YES;
				GCC_WARN_UNUSED_VARIABLE = YES;
				MACOSX_DEPLOYMENT_TARGET = 13.0;
				MTL_ENABLE_DEBUG_INFO = INCLUDE_SOURCE;
				MTL_FAST_MATH = YES;
				ONLY_ACTIVE_ARCH = YES;
				SDKROOT = macosx;
				SWIFT_ACTIVE_COMPILATION_CONDITIONS = "DEBUG $(inherited)";
				SWIFT_OPTIMIZATION_LEVEL = "-Onone";
			};
			name = Debug;
		};
		F1000011 /* Release */ = {
			isa = XCBuildConfiguration;
			buildSettings = {
				ALWAYS_SEARCH_USER_PATHS = NO;
				ASSETCATALOG_COMPILER_GENERATE_SWIFT_ASSET_SYMBOL_EXTENSIONS = YES;
				CLANG_ANALYZER_NONNULL = YES;
				CLANG_ANALYZER_NUMBER_OBJECT_CONVERSION = YES_AGGRESSIVE;
				CLANG_CXX_LANGUAGE_STANDARD = "gnu++20";
				CLANG_ENABLE_MODULES = YES;
				CLANG_ENABLE_OBJC_ARC = YES;
				CLANG_ENABLE_OBJC_WEAK = YES;
				CLANG_WARN_BLOCK_CAPTURE_AUTORELEASING = YES;
				CLANG_WARN_BOOL_CONVERSION = YES;
				CLANG_WARN_COMMA = YES;
				CLANG_WARN_CONSTANT_CONVERSION = YES;
				CLANG_WARN_DEPRECATED_OBJC_IMPLEMENTATIONS = YES;
				CLANG_WARN_DIRECT_OBJC_ISA_USAGE = YES_ERROR;
				CLANG_WARN_DOCUMENTATION_COMMENTS = YES;
				CLANG_WARN_EMPTY_BODY = YES;
				CLANG_WARN_ENUM_CONVERSION = YES;
				CLANG_WARN_INFINITE_RECURSION = YES;
				CLANG_WARN_INT_CONVERSION = YES;
				CLANG_WARN_NON_LITERAL_NULL_CONVERSION = YES;
				CLANG_WARN_OBJC_IMPLICIT_RETAIN_SELF = YES;
				CLANG_WARN_OBJC_LITERAL_CONVERSION = YES;
				CLANG_WARN_OBJC_ROOT_CLASS = YES_ERROR;
				CLANG_WARN_QUOTED_INCLUDE_IN_FRAMEWORK_HEADER = YES;
				CLANG_WARN_RANGE_LOOP_ANALYSIS = YES;
				CLANG_WARN_STRICT_PROTOTYPES = YES;
				CLANG_WARN_SUSPICIOUS_MOVE = YES;
				CLANG_WARN_UNGUARDED_AVAILABILITY = YES_AGGRESSIVE;
				CLANG_WARN_UNREACHABLE_CODE = YES;
				CLANG_WARN__DUPLICATE_METHOD_MATCH = YES;
				COPY_PHASE_STRIP = NO;
				DEBUG_INFORMATION_FORMAT = "dwarf-with-dsym";
				ENABLE_NS_ASSERTIONS = NO;
				ENABLE_STRICT_OBJC_MSGSEND = YES;
				ENABLE_USER_SCRIPT_SANDBOXING = YES;
				GCC_C_LANGUAGE_STANDARD = gnu17;
				GCC_NO_COMMON_BLOCKS = YES;
				GCC_WARN_64_TO_32_BIT_CONVERSION = YES;
				GCC_WARN_ABOUT_RETURN_TYPE = YES_ERROR;
				GCC_WARN_UNDECLARED_SELECTOR = YES;
				GCC_WARN_UNINITIALIZED_AUTOS = YES_AGGRESSIVE;
				GCC_WARN_UNUSED_FUNCTION = YES;
				GCC_WARN_UNUSED_VARIABLE = YES;
				MACOSX_DEPLOYMENT_TARGET = 13.0;
				MTL_ENABLE_DEBUG_INFO = NO;
				MTL_FAST_MATH = YES;
				SDKROOT = macosx;
				SWIFT_COMPILATION_MODE = wholemodule;
			};
			name = Release;
		};
		F1000012 /* Debug */ = {
			isa = XCBuildConfiguration;
			buildSettings = {
				ASSETCATALOG_COMPILER_APPICON_NAME = AppIcon;
				ASSETCATALOG_COMPILER_GLOBAL_ACCENT_COLOR_NAME = AccentColor;
				CODE_SIGN_ENTITLEMENTS = AssetMeow/AssetMeow.entitlements;
				CODE_SIGN_IDENTITY = "Developer ID Application";
				CODE_SIGN_STYLE = Manual;
				COMBINE_HIDPI_IMAGES = YES;
				CURRENT_PROJECT_VERSION = 34;
				DEVELOPMENT_TEAM = 97B3MVM2VH;
				ENABLE_HARDENED_RUNTIME = YES;
				GENERATE_INFOPLIST_FILE = YES;
				INFOPLIST_FILE = AssetMeow/Info.plist;
				INFOPLIST_KEY_CFBundleDisplayName = AssetMeow;
				INFOPLIST_KEY_LSApplicationCategoryType = "public.app-category.business";
				INFOPLIST_KEY_NSHumanReadableCopyright = "Copyright 2026 AssetMeow. All rights reserved.";
				LD_RUNPATH_SEARCH_PATHS = (
					"$(inherited)",
					"@executable_path/../Frameworks",
				);
				MARKETING_VERSION = 3.20.1;
				PRODUCT_BUNDLE_IDENTIFIER = com.assetmeow.tracker;
				PRODUCT_NAME = "$(TARGET_NAME)";
				SWIFT_EMIT_LOC_STRINGS = YES;
				SWIFT_VERSION = 5.0;
			};
			name = Debug;
		};
		F1000013 /* Release */ = {
			isa = XCBuildConfiguration;
			buildSettings = {
				ASSETCATALOG_COMPILER_APPICON_NAME = AppIcon;
				ASSETCATALOG_COMPILER_GLOBAL_ACCENT_COLOR_NAME = AccentColor;
				CODE_SIGN_ENTITLEMENTS = AssetMeow/AssetMeow.entitlements;
				CODE_SIGN_IDENTITY = "Developer ID Application";
				CODE_SIGN_STYLE = Manual;
				COMBINE_HIDPI_IMAGES = YES;
				CURRENT_PROJECT_VERSION = 34;
				DEVELOPMENT_TEAM = 97B3MVM2VH;
				ENABLE_HARDENED_RUNTIME = YES;
				GENERATE_INFOPLIST_FILE = YES;
				INFOPLIST_FILE = AssetMeow/Info.plist;
				INFOPLIST_KEY_CFBundleDisplayName = AssetMeow;
				INFOPLIST_KEY_LSApplicationCategoryType = "public.app-category.business";
				INFOPLIST_KEY_NSHumanReadableCopyright = "Copyright 2026 AssetMeow. All rights reserved.";
				LD_RUNPATH_SEARCH_PATHS = (
					"$(inherited)",
					"@executable_path/../Frameworks",
				);
				MARKETING_VERSION = 3.20.1;
				PRODUCT_BUNDLE_IDENTIFIER = com.assetmeow.tracker;
				PRODUCT_NAME = "$(TARGET_NAME)";
				SWIFT_EMIT_LOC_STRINGS = YES;
				SWIFT_VERSION = 5.0;
			};
			name = Release;
		};
/* End XCBuildConfiguration section */

/* Begin XCConfigurationList section */
		F1000001 /* Build configuration list for PBXProject "AssetMeow" */ = {
			isa = XCConfigurationList;
			buildConfigurations = (
				F1000010 /* Debug */,
				F1000011 /* Release */,
			);
			defaultConfigurationIsVisible = 0;
			defaultConfigurationName = Release;
		};
		F1000003 /* Build configuration list for PBXNativeTarget "AssetMeow" */ = {
			isa = XCConfigurationList;
			buildConfigurations = (
				F1000012 /* Debug */,
				F1000013 /* Release */,
			);
			defaultConfigurationIsVisible = 0;
			defaultConfigurationName = Release;
		};
/* End XCConfigurationList section */
	};
	rootObject = E1000002 /* Project object */;
}
