{
  "pins" : [
    {
      "identity" : "sparkle",
      "kind" : "remoteSourceControl",
      "location" : "https://github.com/sparkle-project/Sparkle",
      "state" : {
        "revision" : "47d3d90aee4d5ae80625f3bce41dd9e107e5837c",
        "version" : "2.7.0"
      }
    }
  ],
  "version" : 2
}
